
Microsoft Visual Studio Solution File, Format Version 12.00
# Visual Studio Version 17
VisualStudioVersion = 17.9.34622.214
MinimumVisualStudioVersion = 10.0.40219.1
Project("{FAE04EC0-301F-11D3-BF4B-00C04F79EFBC}") = "ContaCorrente.ConsoleApp", "ContaCorrente.ConsoleApp\ContaCorrente.ConsoleApp.csproj", "{3503709B-8725-4265-96F2-7EEB0EF395AA}"
EndProject
Global
	GlobalSection(SolutionConfigurationPlatforms) = preSolution
		Debug|Any CPU = Debug|Any CPU
		Release|Any CPU = Release|Any CPU
	EndGlobalSection
	GlobalSection(ProjectConfigurationPlatforms) = postSolution
		{3503709B-8725-4265-96F2-7EEB0EF395AA}.Debug|Any CPU.ActiveCfg = Debug|Any CPU
		{3503709B-8725-4265-96F2-7EEB0EF395AA}.Debug|Any CPU.Build.0 = Debug|Any CPU
		{3503709B-8725-4265-96F2-7EEB0EF395AA}.Release|Any CPU.ActiveCfg = Release|Any CPU
		{3503709B-8725-4265-96F2-7EEB0EF395AA}.Release|Any CPU.Build.0 = Release|Any CPU
	EndGlobalSection
	GlobalSection(SolutionProperties) = preSolution
		HideSolutionNode = FALSE
	EndGlobalSection
	GlobalSection(ExtensibilityGlobals) = postSolution
		SolutionGuid = {7F424807-AA91-4C85-8571-C85078FED11B}
	EndGlobalSection
EndGlobal
